// !$*UTF8*$!
{
	archiveVersion = 1;
	classes = {
	};
	objectVersion = 56;
	objects = {

/* Begin PBXBuildFile section */
		92BA4E152C2DDB8D00BA0C83 /* SimpleMetalRendererApp.swift in Sources */ = {isa = PBXBuildFile; fileRef = 92BA4E142C2DDB8D00BA0C83 /* SimpleMetalRendererApp.swift */; };
		92BA4E172C2DDB8D00BA0C83 /* ContentView.swift in Sources */ = {isa = PBXBuildFile; fileRef = 92BA4E162C2DDB8D00BA0C83 /* ContentView.swift */; };
		92BA4E192C2DDB8E00BA0C83 /* Assets.xcassets in Resources */ = {isa = PBXBuildFile; fileRef = 92BA4E182C2DDB8E00BA0C83 /* Assets.xcassets */; };
		92BA4E1D2C2DDB8E00BA0C83 /* Preview Assets.xcassets in Resources */ = {isa = PBXBuildFile; fileRef = 92BA4E1C2C2DDB8E00BA0C83 /* Preview Assets.xcassets */; };
		92BA4E282C2DE68800BA0C83 /* MetalView.swift in Sources */ = {isa = PBXBuildFile; fileRef = 92BA4E272C2DE68800BA0C83 /* MetalView.swift */; };
		92BA4E2B2C2DE73B00BA0C83 /* MetalProgram.swift in Sources */ = {isa = PBXBuildFile; fileRef = 92BA4E2A2C2DE73B00BA0C83 /* MetalProgram.swift */; };
		92BA4E2D2C2DEBD600BA0C83 /* Settings.swift in Sources */ = {isa = PBXBuildFile; fileRef = 92BA4E2C2C2DEBD600BA0C83 /* Settings.swift */; };
		92BA4E302C2DEDF700BA0C83 /* Renderer.swift in Sources */ = {isa = PBXBuildFile; fileRef = 92BA4E2F2C2DEDF700BA0C83 /* Renderer.swift */; };
		92BA4E322C2DF1AE00BA0C83 /* Vertex.metal in Sources */ = {isa = PBXBuildFile; fileRef = 92BA4E312C2DF1AE00BA0C83 /* Vertex.metal */; };
		92BA4E342C2DF1B800BA0C83 /* Fragment.metal in Sources */ = {isa = PBXBuildFile; fileRef = 92BA4E332C2DF1B800BA0C83 /* Fragment.metal */; };
		92BA4E392C2DF54C00BA0C83 /* VertexDescriptor.swift in Sources */ = {isa = PBXBuildFile; fileRef = 92BA4E382C2DF54C00BA0C83 /* VertexDescriptor.swift */; };
		92BA4E3B2C2DFB4200BA0C83 /* Utils.swift in Sources */ = {isa = PBXBuildFile; fileRef = 92BA4E3A2C2DFB4200BA0C83 /* Utils.swift */; };
		92BA4E422C2DFBCF00BA0C83 /* Model.swift in Sources */ = {isa = PBXBuildFile; fileRef = 92BA4E412C2DFBCF00BA0C83 /* Model.swift */; };
		92BA4E472C2F145500BA0C83 /* Material.swift in Sources */ = {isa = PBXBuildFile; fileRef = 92BA4E462C2F145500BA0C83 /* Material.swift */; };
		92BA4E492C2F156800BA0C83 /* ResourcesManager.swift in Sources */ = {isa = PBXBuildFile; fileRef = 92BA4E482C2F156800BA0C83 /* ResourcesManager.swift */; };
		92BA4E4B2C2F181C00BA0C83 /* Textures.xcassets in Resources */ = {isa = PBXBuildFile; fileRef = 92BA4E4A2C2F181C00BA0C83 /* Textures.xcassets */; };
		92BA4E4E2C2F320300BA0C83 /* Transformable.swift in Sources */ = {isa = PBXBuildFile; fileRef = 92BA4E4D2C2F320300BA0C83 /* Transformable.swift */; };
		92BA4E502C2FED1E00BA0C83 /* ProgramScene.swift in Sources */ = {isa = PBXBuildFile; fileRef = 92BA4E4F2C2FED1E00BA0C83 /* ProgramScene.swift */; };
		92BA4E522C2FED2B00BA0C83 /* Camera.swift in Sources */ = {isa = PBXBuildFile; fileRef = 92BA4E512C2FED2B00BA0C83 /* Camera.swift */; };
		92BA4E582C30144900BA0C83 /* Rendering.swift in Sources */ = {isa = PBXBuildFile; fileRef = 92BA4E572C30144900BA0C83 /* Rendering.swift */; };
		92BA4E5A2C306C4100BA0C83 /* LightUtils.swift in Sources */ = {isa = PBXBuildFile; fileRef = 92BA4E592C306C4100BA0C83 /* LightUtils.swift */; };
		92BA4E5D2C307FE300BA0C83 /* Lighting.metal in Sources */ = {isa = PBXBuildFile; fileRef = 92BA4E5C2C307FE300BA0C83 /* Lighting.metal */; };
		92BA4E822C31504900BA0C83 /* InputController.swift in Sources */ = {isa = PBXBuildFile; fileRef = 92BA4E812C31504900BA0C83 /* InputController.swift */; };
		92BA4E852C343FCD00BA0C83 /* train.usdz in Resources */ = {isa = PBXBuildFile; fileRef = 92BA4E842C343FCD00BA0C83 /* train.usdz */; };
		92BA4E8E2C35608300BA0C83 /* RenderPass.swift in Sources */ = {isa = PBXBuildFile; fileRef = 92BA4E8D2C35608300BA0C83 /* RenderPass.swift */; };
		92BA4E902C35608D00BA0C83 /* Pipelines.swift in Sources */ = {isa = PBXBuildFile; fileRef = 92BA4E8F2C35608D00BA0C83 /* Pipelines.swift */; };
		92BA4E922C35612400BA0C83 /* MainRenderPass.swift in Sources */ = {isa = PBXBuildFile; fileRef = 92BA4E912C35612400BA0C83 /* MainRenderPass.swift */; };
/* End PBXBuildFile section */

/* Begin PBXFileReference section */
		92BA4E112C2DDB8D00BA0C83 /* SimpleMetalRenderer.app */ = {isa = PBXFileReference; explicitFileType = wrapper.application; includeInIndex = 0; path = SimpleMetalRenderer.app; sourceTree = BUILT_PRODUCTS_DIR; };
		92BA4E142C2DDB8D00BA0C83 /* SimpleMetalRendererApp.swift */ = {isa = PBXFileReference; lastKnownFileType = sourcecode.swift; path = SimpleMetalRendererApp.swift; sourceTree = "<group>"; };
		92BA4E162C2DDB8D00BA0C83 /* ContentView.swift */ = {isa = PBXFileReference; lastKnownFileType = sourcecode.swift; path = ContentView.swift; sourceTree = "<group>"; };
		92BA4E182C2DDB8E00BA0C83 /* Assets.xcassets */ = {isa = PBXFileReference; lastKnownFileType = folder.assetcatalog; path = Assets.xcassets; sourceTree = "<group>"; };
		92BA4E1A2C2DDB8E00BA0C83 /* SimpleMetalRenderer.entitlements */ = {isa = PBXFileReference; lastKnownFileType = text.plist.entitlements; path = SimpleMetalRenderer.entitlements; sourceTree = "<group>"; };
		92BA4E1C2C2DDB8E00BA0C83 /* Preview Assets.xcassets */ = {isa = PBXFileReference; lastKnownFileType = folder.assetcatalog; path = "Preview Assets.xcassets"; sourceTree = "<group>"; };
		92BA4E272C2DE68800BA0C83 /* MetalView.swift */ = {isa = PBXFileReference; lastKnownFileType = sourcecode.swift; path = MetalView.swift; sourceTree = "<group>"; };
		92BA4E2A2C2DE73B00BA0C83 /* MetalProgram.swift */ = {isa = PBXFileReference; lastKnownFileType = sourcecode.swift; path = MetalProgram.swift; sourceTree = "<group>"; };
		92BA4E2C2C2DEBD600BA0C83 /* Settings.swift */ = {isa = PBXFileReference; lastKnownFileType = sourcecode.swift; path = Settings.swift; sourceTree = "<group>"; };
		92BA4E2F2C2DEDF700BA0C83 /* Renderer.swift */ = {isa = PBXFileReference; lastKnownFileType = sourcecode.swift; path = Renderer.swift; sourceTree = "<group>"; };
		92BA4E312C2DF1AE00BA0C83 /* Vertex.metal */ = {isa = PBXFileReference; lastKnownFileType = sourcecode.metal; path = Vertex.metal; sourceTree = "<group>"; };
		92BA4E332C2DF1B800BA0C83 /* Fragment.metal */ = {isa = PBXFileReference; lastKnownFileType = sourcecode.metal; path = Fragment.metal; sourceTree = "<group>"; };
		92BA4E352C2DF1C800BA0C83 /* Common.h */ = {isa = PBXFileReference; lastKnownFileType = sourcecode.c.h; path = Common.h; sourceTree = "<group>"; };
		92BA4E362C2DF25100BA0C83 /* Shaders.h */ = {isa = PBXFileReference; lastKnownFileType = sourcecode.c.h; path = Shaders.h; sourceTree = "<group>"; };
		92BA4E382C2DF54C00BA0C83 /* VertexDescriptor.swift */ = {isa = PBXFileReference; lastKnownFileType = sourcecode.swift; path = VertexDescriptor.swift; sourceTree = "<group>"; };
		92BA4E3A2C2DFB4200BA0C83 /* Utils.swift */ = {isa = PBXFileReference; lastKnownFileType = sourcecode.swift; path = Utils.swift; sourceTree = "<group>"; };
		92BA4E412C2DFBCF00BA0C83 /* Model.swift */ = {isa = PBXFileReference; lastKnownFileType = sourcecode.swift; path = Model.swift; sourceTree = "<group>"; };
		92BA4E462C2F145500BA0C83 /* Material.swift */ = {isa = PBXFileReference; lastKnownFileType = sourcecode.swift; path = Material.swift; sourceTree = "<group>"; };
		92BA4E482C2F156800BA0C83 /* ResourcesManager.swift */ = {isa = PBXFileReference; lastKnownFileType = sourcecode.swift; path = ResourcesManager.swift; sourceTree = "<group>"; };
		92BA4E4A2C2F181C00BA0C83 /* Textures.xcassets */ = {isa = PBXFileReference; lastKnownFileType = folder.assetcatalog; path = Textures.xcassets; sourceTree = "<group>"; };
		92BA4E4D2C2F320300BA0C83 /* Transformable.swift */ = {isa = PBXFileReference; lastKnownFileType = sourcecode.swift; path = Transformable.swift; sourceTree = "<group>"; };
		92BA4E4F2C2FED1E00BA0C83 /* ProgramScene.swift */ = {isa = PBXFileReference; lastKnownFileType = sourcecode.swift; path = ProgramScene.swift; sourceTree = "<group>"; };
		92BA4E512C2FED2B00BA0C83 /* Camera.swift */ = {isa = PBXFileReference; lastKnownFileType = sourcecode.swift; path = Camera.swift; sourceTree = "<group>"; };
		92BA4E572C30144900BA0C83 /* Rendering.swift */ = {isa = PBXFileReference; lastKnownFileType = sourcecode.swift; path = Rendering.swift; sourceTree = "<group>"; };
		92BA4E592C306C4100BA0C83 /* LightUtils.swift */ = {isa = PBXFileReference; lastKnownFileType = sourcecode.swift; path = LightUtils.swift; sourceTree = "<group>"; };
		92BA4E5B2C307D5C00BA0C83 /* Lighting.h */ = {isa = PBXFileReference; lastKnownFileType = sourcecode.c.h; path = Lighting.h; sourceTree = "<group>"; };
		92BA4E5C2C307FE300BA0C83 /* Lighting.metal */ = {isa = PBXFileReference; lastKnownFileType = sourcecode.metal; path = Lighting.metal; sourceTree = "<group>"; };
		92BA4E812C31504900BA0C83 /* InputController.swift */ = {isa = PBXFileReference; lastKnownFileType = sourcecode.swift; path = InputController.swift; sourceTree = "<group>"; };
		92BA4E842C343FCD00BA0C83 /* train.usdz */ = {isa = PBXFileReference; lastKnownFileType = file.usdz; path = train.usdz; sourceTree = "<group>"; };
		92BA4E8D2C35608300BA0C83 /* RenderPass.swift */ = {isa = PBXFileReference; lastKnownFileType = sourcecode.swift; path = RenderPass.swift; sourceTree = "<group>"; };
		92BA4E8F2C35608D00BA0C83 /* Pipelines.swift */ = {isa = PBXFileReference; lastKnownFileType = sourcecode.swift; path = Pipelines.swift; sourceTree = "<group>"; };
		92BA4E912C35612400BA0C83 /* MainRenderPass.swift */ = {isa = PBXFileReference; lastKnownFileType = sourcecode.swift; path = MainRenderPass.swift; sourceTree = "<group>"; };
/* End PBXFileReference section */

/* Begin PBXFrameworksBuildPhase section */
		92BA4E0E2C2DDB8D00BA0C83 /* Frameworks */ = {
			isa = PBXFrameworksBuildPhase;
			buildActionMask = 2147483647;
			files = (
			);
			runOnlyForDeploymentPostprocessing = 0;
		};
/* End PBXFrameworksBuildPhase section */

/* Begin PBXGroup section */
		92BA4E082C2DDB8D00BA0C83 = {
			isa = PBXGroup;
			children = (
				92BA4E132C2DDB8D00BA0C83 /* SimpleMetalRenderer */,
				92BA4E122C2DDB8D00BA0C83 /* Products */,
			);
			sourceTree = "<group>";
		};
		92BA4E122C2DDB8D00BA0C83 /* Products */ = {
			isa = PBXGroup;
			children = (
				92BA4E112C2DDB8D00BA0C83 /* SimpleMetalRenderer.app */,
			);
			name = Products;
			sourceTree = "<group>";
		};
		92BA4E132C2DDB8D00BA0C83 /* SimpleMetalRenderer */ = {
			isa = PBXGroup;
			children = (
				92BA4E832C343F8C00BA0C83 /* 3dAssets */,
				92BA4E242C2DE65300BA0C83 /* SwiftUIViews */,
				92BA4E232C2DE64000BA0C83 /* MetalRenderer */,
				92BA4E142C2DDB8D00BA0C83 /* SimpleMetalRendererApp.swift */,
				92BA4E162C2DDB8D00BA0C83 /* ContentView.swift */,
				92BA4E182C2DDB8E00BA0C83 /* Assets.xcassets */,
				92BA4E1A2C2DDB8E00BA0C83 /* SimpleMetalRenderer.entitlements */,
				92BA4E1B2C2DDB8E00BA0C83 /* Preview Content */,
				92BA4E4A2C2F181C00BA0C83 /* Textures.xcassets */,
			);
			path = SimpleMetalRenderer;
			sourceTree = "<group>";
		};
		92BA4E1B2C2DDB8E00BA0C83 /* Preview Content */ = {
			isa = PBXGroup;
			children = (
				92BA4E1C2C2DDB8E00BA0C83 /* Preview Assets.xcassets */,
			);
			path = "Preview Content";
			sourceTree = "<group>";
		};
		92BA4E232C2DE64000BA0C83 /* MetalRenderer */ = {
			isa = PBXGroup;
			children = (
				92BA4E8C2C35607400BA0C83 /* RenderPasses */,
				92BA4E802C31503E00BA0C83 /* Input */,
				92BA4E4C2C2F31F600BA0C83 /* Protocols */,
				92BA4E432C2F143500BA0C83 /* Materials */,
				92BA4E3C2C2DFBA500BA0C83 /* Models */,
				92BA4E372C2DF53600BA0C83 /* Utils */,
				92BA4E2E2C2DEDE500BA0C83 /* Shaders */,
				92BA4E292C2DE72800BA0C83 /* General */,
			);
			path = MetalRenderer;
			sourceTree = "<group>";
		};
		92BA4E242C2DE65300BA0C83 /* SwiftUIViews */ = {
			isa = PBXGroup;
			children = (
				92BA4E272C2DE68800BA0C83 /* MetalView.swift */,
			);
			path = SwiftUIViews;
			sourceTree = "<group>";
		};
		92BA4E292C2DE72800BA0C83 /* General */ = {
			isa = PBXGroup;
			children = (
				92BA4E2A2C2DE73B00BA0C83 /* MetalProgram.swift */,
				92BA4E2C2C2DEBD600BA0C83 /* Settings.swift */,
				92BA4E2F2C2DEDF700BA0C83 /* Renderer.swift */,
				92BA4E482C2F156800BA0C83 /* ResourcesManager.swift */,
				92BA4E4F2C2FED1E00BA0C83 /* ProgramScene.swift */,
				92BA4E512C2FED2B00BA0C83 /* Camera.swift */,
				92BA4E572C30144900BA0C83 /* Rendering.swift */,
			);
			path = General;
			sourceTree = "<group>";
		};
		92BA4E2E2C2DEDE500BA0C83 /* Shaders */ = {
			isa = PBXGroup;
			children = (
				92BA4E312C2DF1AE00BA0C83 /* Vertex.metal */,
				92BA4E332C2DF1B800BA0C83 /* Fragment.metal */,
				92BA4E352C2DF1C800BA0C83 /* Common.h */,
				92BA4E362C2DF25100BA0C83 /* Shaders.h */,
				92BA4E5B2C307D5C00BA0C83 /* Lighting.h */,
				92BA4E5C2C307FE300BA0C83 /* Lighting.metal */,
			);
			path = Shaders;
			sourceTree = "<group>";
		};
		92BA4E372C2DF53600BA0C83 /* Utils */ = {
			isa = PBXGroup;
			children = (
				92BA4E382C2DF54C00BA0C83 /* VertexDescriptor.swift */,
				92BA4E3A2C2DFB4200BA0C83 /* Utils.swift */,
				92BA4E592C306C4100BA0C83 /* LightUtils.swift */,
			);
			path = Utils;
			sourceTree = "<group>";
		};
		92BA4E3C2C2DFBA500BA0C83 /* Models */ = {
			isa = PBXGroup;
			children = (
				92BA4E412C2DFBCF00BA0C83 /* Model.swift */,
			);
			path = Models;
			sourceTree = "<group>";
		};
		92BA4E432C2F143500BA0C83 /* Materials */ = {
			isa = PBXGroup;
			children = (
				92BA4E462C2F145500BA0C83 /* Material.swift */,
			);
			path = Materials;
			sourceTree = "<group>";
		};
		92BA4E4C2C2F31F600BA0C83 /* Protocols */ = {
			isa = PBXGroup;
			children = (
				92BA4E4D2C2F320300BA0C83 /* Transformable.swift */,
			);
			path = Protocols;
			sourceTree = "<group>";
		};
		92BA4E802C31503E00BA0C83 /* Input */ = {
			isa = PBXGroup;
			children = (
				92BA4E812C31504900BA0C83 /* InputController.swift */,
			);
			path = Input;
			sourceTree = "<group>";
		};
		92BA4E832C343F8C00BA0C83 /* 3dAssets */ = {
			isa = PBXGroup;
			children = (
				92BA4E842C343FCD00BA0C83 /* train.usdz */,
			);
			path = 3dAssets;
			sourceTree = "<group>";
		};
		92BA4E8C2C35607400BA0C83 /* RenderPasses */ = {
			isa = PBXGroup;
			children = (
				92BA4E8D2C35608300BA0C83 /* RenderPass.swift */,
				92BA4E8F2C35608D00BA0C83 /* Pipelines.swift */,
				92BA4E912C35612400BA0C83 /* MainRenderPass.swift */,
			);
			path = RenderPasses;
			sourceTree = "<group>";
		};
/* End PBXGroup section */

/* Begin PBXNativeTarget section */
		92BA4E102C2DDB8D00BA0C83 /* SimpleMetalRenderer */ = {
			isa = PBXNativeTarget;
			buildConfigurationList = 92BA4E202C2DDB8E00BA0C83 /* Build configuration list for PBXNativeTarget "SimpleMetalRenderer" */;
			buildPhases = (
				92BA4E0D2C2DDB8D00BA0C83 /* Sources */,
				92BA4E0E2C2DDB8D00BA0C83 /* Frameworks */,
				92BA4E0F2C2DDB8D00BA0C83 /* Resources */,
			);
			buildRules = (
			);
			dependencies = (
			);
			name = SimpleMetalRenderer;
			productName = SimpleMetalRenderer;
			productReference = 92BA4E112C2DDB8D00BA0C83 /* SimpleMetalRenderer.app */;
			productType = "com.apple.product-type.application";
		};
/* End PBXNativeTarget section */

/* Begin PBXProject section */
		92BA4E092C2DDB8D00BA0C83 /* Project object */ = {
			isa = PBXProject;
			attributes = {
				BuildIndependentTargetsInParallel = 1;
				LastSwiftUpdateCheck = 1540;
				LastUpgradeCheck = 1540;
				TargetAttributes = {
					92BA4E102C2DDB8D00BA0C83 = {
						CreatedOnToolsVersion = 15.4;
					};
				};
			};
			buildConfigurationList = 92BA4E0C2C2DDB8D00BA0C83 /* Build configuration list for PBXProject "SimpleMetalRenderer" */;
			compatibilityVersion = "Xcode 14.0";
			developmentRegion = en;
			hasScannedForEncodings = 0;
			knownRegions = (
				en,
				Base,
			);
			mainGroup = 92BA4E082C2DDB8D00BA0C83;
			productRefGroup = 92BA4E122C2DDB8D00BA0C83 /* Products */;
			projectDirPath = "";
			projectRoot = "";
			targets = (
				92BA4E102C2DDB8D00BA0C83 /* SimpleMetalRenderer */,
			);
		};
/* End PBXProject section */

/* Begin PBXResourcesBuildPhase section */
		92BA4E0F2C2DDB8D00BA0C83 /* Resources */ = {
			isa = PBXResourcesBuildPhase;
			buildActionMask = 2147483647;
			files = (
				92BA4E852C343FCD00BA0C83 /* train.usdz in Resources */,
				92BA4E4B2C2F181C00BA0C83 /* Textures.xcassets in Resources */,
				92BA4E1D2C2DDB8E00BA0C83 /* Preview Assets.xcassets in Resources */,
				92BA4E192C2DDB8E00BA0C83 /* Assets.xcassets in Resources */,
			);
			runOnlyForDeploymentPostprocessing = 0;
		};
/* End PBXResourcesBuildPhase section */

/* Begin PBXSourcesBuildPhase section */
		92BA4E0D2C2DDB8D00BA0C83 /* Sources */ = {
			isa = PBXSourcesBuildPhase;
			buildActionMask = 2147483647;
			files = (
				92BA4E522C2FED2B00BA0C83 /* Camera.swift in Sources */,
				92BA4E2B2C2DE73B00BA0C83 /* MetalProgram.swift in Sources */,
				92BA4E282C2DE68800BA0C83 /* MetalView.swift in Sources */,
				92BA4E8E2C35608300BA0C83 /* RenderPass.swift in Sources */,
				92BA4E582C30144900BA0C83 /* Rendering.swift in Sources */,
				92BA4E172C2DDB8D00BA0C83 /* ContentView.swift in Sources */,
				92BA4E392C2DF54C00BA0C83 /* VertexDescriptor.swift in Sources */,
				92BA4E5A2C306C4100BA0C83 /* LightUtils.swift in Sources */,
				92BA4E5D2C307FE300BA0C83 /* Lighting.metal in Sources */,
				92BA4E822C31504900BA0C83 /* InputController.swift in Sources */,
				92BA4E342C2DF1B800BA0C83 /* Fragment.metal in Sources */,
				92BA4E902C35608D00BA0C83 /* Pipelines.swift in Sources */,
				92BA4E422C2DFBCF00BA0C83 /* Model.swift in Sources */,
				92BA4E502C2FED1E00BA0C83 /* ProgramScene.swift in Sources */,
				92BA4E3B2C2DFB4200BA0C83 /* Utils.swift in Sources */,
				92BA4E472C2F145500BA0C83 /* Material.swift in Sources */,
				92BA4E922C35612400BA0C83 /* MainRenderPass.swift in Sources */,
				92BA4E322C2DF1AE00BA0C83 /* Vertex.metal in Sources */,
				92BA4E492C2F156800BA0C83 /* ResourcesManager.swift in Sources */,
				92BA4E152C2DDB8D00BA0C83 /* SimpleMetalRendererApp.swift in Sources */,
				92BA4E302C2DEDF700BA0C83 /* Renderer.swift in Sources */,
				92BA4E4E2C2F320300BA0C83 /* Transformable.swift in Sources */,
				92BA4E2D2C2DEBD600BA0C83 /* Settings.swift in Sources */,
			);
			runOnlyForDeploymentPostprocessing = 0;
		};
/* End PBXSourcesBuildPhase section */

/* Begin XCBuildConfiguration section */
		92BA4E1E2C2DDB8E00BA0C83 /* Debug */ = {
			isa = XCBuildConfiguration;
			buildSettings = {
				ALWAYS_SEARCH_USER_PATHS = NO;
				ASSETCATALOG_COMPILER_GENERATE_SWIFT_ASSET_SYMBOL_EXTENSIONS = YES;
				CLANG_ANALYZER_NONNULL = YES;
				CLANG_ANALYZER_NUMBER_OBJECT_CONVERSION = YES_AGGRESSIVE;
				CLANG_CXX_LANGUAGE_STANDARD = "gnu++20";
				CLANG_ENABLE_MODULES = YES;
				CLANG_ENABLE_OBJC_ARC = YES;
				CLANG_ENABLE_OBJC_WEAK = YES;
				CLANG_WARN_BLOCK_CAPTURE_AUTORELEASING = YES;
				CLANG_WARN_BOOL_CONVERSION = YES;
				CLANG_WARN_COMMA = YES;
				CLANG_WARN_CONSTANT_CONVERSION = YES;
				CLANG_WARN_DEPRECATED_OBJC_IMPLEMENTATIONS = YES;
				CLANG_WARN_DIRECT_OBJC_ISA_USAGE = YES_ERROR;
				CLANG_WARN_DOCUMENTATION_COMMENTS = YES;
				CLANG_WARN_EMPTY_BODY = YES;
				CLANG_WARN_ENUM_CONVERSION = YES;
				CLANG_WARN_INFINITE_RECURSION = YES;
				CLANG_WARN_INT_CONVERSION = YES;
				CLANG_WARN_NON_LITERAL_NULL_CONVERSION = YES;
				CLANG_WARN_OBJC_IMPLICIT_RETAIN_SELF = YES;
				CLANG_WARN_OBJC_LITERAL_CONVERSION = YES;
				CLANG_WARN_OBJC_ROOT_CLASS = YES_ERROR;
				CLANG_WARN_QUOTED_INCLUDE_IN_FRAMEWORK_HEADER = YES;
				CLANG_WARN_RANGE_LOOP_ANALYSIS = YES;
				CLANG_WARN_STRICT_PROTOTYPES = YES;
				CLANG_WARN_SUSPICIOUS_MOVE = YES;
				CLANG_WARN_UNGUARDED_AVAILABILITY = YES_AGGRESSIVE;
				CLANG_WARN_UNREACHABLE_CODE = YES;
				CLANG_WARN__DUPLICATE_METHOD_MATCH = YES;
				COPY_PHASE_STRIP = NO;
				DEBUG_INFORMATION_FORMAT = dwarf;
				ENABLE_STRICT_OBJC_MSGSEND = YES;
				ENABLE_TESTABILITY = YES;
				ENABLE_USER_SCRIPT_SANDBOXING = YES;
				GCC_C_LANGUAGE_STANDARD = gnu17;
				GCC_DYNAMIC_NO_PIC = NO;
				GCC_NO_COMMON_BLOCKS = YES;
				GCC_OPTIMIZATION_LEVEL = 0;
				GCC_PREPROCESSOR_DEFINITIONS = (
					"DEBUG=1",
					"$(inherited)",
				);
				GCC_WARN_64_TO_32_BIT_CONVERSION = YES;
				GCC_WARN_ABOUT_RETURN_TYPE = YES_ERROR;
				GCC_WARN_UNDECLARED_SELECTOR = YES;
				GCC_WARN_UNINITIALIZED_AUTOS = YES_AGGRESSIVE;
				GCC_WARN_UNUSED_FUNCTION = YES;
				GCC_WARN_UNUSED_VARIABLE = YES;
				LOCALIZATION_PREFERS_STRING_CATALOGS = YES;
				MTL_ENABLE_DEBUG_INFO = INCLUDE_SOURCE;
				MTL_FAST_MATH = YES;
				ONLY_ACTIVE_ARCH = YES;
				SWIFT_ACTIVE_COMPILATION_CONDITIONS = "DEBUG $(inherited)";
				SWIFT_OPTIMIZATION_LEVEL = "-Onone";
			};
			name = Debug;
		};
		92BA4E1F2C2DDB8E00BA0C83 /* Release */ = {
			isa = XCBuildConfiguration;
			buildSettings = {
				ALWAYS_SEARCH_USER_PATHS = NO;
				ASSETCATALOG_COMPILER_GENERATE_SWIFT_ASSET_SYMBOL_EXTENSIONS = YES;
				CLANG_ANALYZER_NONNULL = YES;
				CLANG_ANALYZER_NUMBER_OBJECT_CONVERSION = YES_AGGRESSIVE;
				CLANG_CXX_LANGUAGE_STANDARD = "gnu++20";
				CLANG_ENABLE_MODULES = YES;
				CLANG_ENABLE_OBJC_ARC = YES;
				CLANG_ENABLE_OBJC_WEAK = YES;
				CLANG_WARN_BLOCK_CAPTURE_AUTORELEASING = YES;
				CLANG_WARN_BOOL_CONVERSION = YES;
				CLANG_WARN_COMMA = YES;
				CLANG_WARN_CONSTANT_CONVERSION = YES;
				CLANG_WARN_DEPRECATED_OBJC_IMPLEMENTATIONS = YES;
				CLANG_WARN_DIRECT_OBJC_ISA_USAGE = YES_ERROR;
				CLANG_WARN_DOCUMENTATION_COMMENTS = YES;
				CLANG_WARN_EMPTY_BODY = YES;
				CLANG_WARN_ENUM_CONVERSION = YES;
				CLANG_WARN_INFINITE_RECURSION = YES;
				CLANG_WARN_INT_CONVERSION = YES;
				CLANG_WARN_NON_LITERAL_NULL_CONVERSION = YES;
				CLANG_WARN_OBJC_IMPLICIT_RETAIN_SELF = YES;
				CLANG_WARN_OBJC_LITERAL_CONVERSION = YES;
				CLANG_WARN_OBJC_ROOT_CLASS = YES_ERROR;
				CLANG_WARN_QUOTED_INCLUDE_IN_FRAMEWORK_HEADER = YES;
				CLANG_WARN_RANGE_LOOP_ANALYSIS = YES;
				CLANG_WARN_STRICT_PROTOTYPES = YES;
				CLANG_WARN_SUSPICIOUS_MOVE = YES;
				CLANG_WARN_UNGUARDED_AVAILABILITY = YES_AGGRESSIVE;
				CLANG_WARN_UNREACHABLE_CODE = YES;
				CLANG_WARN__DUPLICATE_METHOD_MATCH = YES;
				COPY_PHASE_STRIP = NO;
				DEBUG_INFORMATION_FORMAT = "dwarf-with-dsym";
				ENABLE_NS_ASSERTIONS = NO;
				ENABLE_STRICT_OBJC_MSGSEND = YES;
				ENABLE_USER_SCRIPT_SANDBOXING = YES;
				GCC_C_LANGUAGE_STANDARD = gnu17;
				GCC_NO_COMMON_BLOCKS = YES;
				GCC_WARN_64_TO_32_BIT_CONVERSION = YES;
				GCC_WARN_ABOUT_RETURN_TYPE = YES_ERROR;
				GCC_WARN_UNDECLARED_SELECTOR = YES;
				GCC_WARN_UNINITIALIZED_AUTOS = YES_AGGRESSIVE;
				GCC_WARN_UNUSED_FUNCTION = YES;
				GCC_WARN_UNUSED_VARIABLE = YES;
				LOCALIZATION_PREFERS_STRING_CATALOGS = YES;
				MTL_ENABLE_DEBUG_INFO = NO;
				MTL_FAST_MATH = YES;
				SWIFT_COMPILATION_MODE = wholemodule;
			};
			name = Release;
		};
		92BA4E212C2DDB8E00BA0C83 /* Debug */ = {
			isa = XCBuildConfiguration;
			buildSettings = {
				ASSETCATALOG_COMPILER_APPICON_NAME = AppIcon;
				ASSETCATALOG_COMPILER_GLOBAL_ACCENT_COLOR_NAME = AccentColor;
				CODE_SIGN_ENTITLEMENTS = SimpleMetalRenderer/SimpleMetalRenderer.entitlements;
				CODE_SIGN_STYLE = Automatic;
				CURRENT_PROJECT_VERSION = 1;
				DEVELOPMENT_ASSET_PATHS = "\"SimpleMetalRenderer/Preview Content\"";
				DEVELOPMENT_TEAM = U4D63MX5F8;
				ENABLE_HARDENED_RUNTIME = YES;
				ENABLE_PREVIEWS = YES;
				GENERATE_INFOPLIST_FILE = YES;
				"INFOPLIST_KEY_UIApplicationSceneManifest_Generation[sdk=iphoneos*]" = YES;
				"INFOPLIST_KEY_UIApplicationSceneManifest_Generation[sdk=iphonesimulator*]" = YES;
				"INFOPLIST_KEY_UIApplicationSupportsIndirectInputEvents[sdk=iphoneos*]" = YES;
				"INFOPLIST_KEY_UIApplicationSupportsIndirectInputEvents[sdk=iphonesimulator*]" = YES;
				"INFOPLIST_KEY_UILaunchScreen_Generation[sdk=iphoneos*]" = YES;
				"INFOPLIST_KEY_UILaunchScreen_Generation[sdk=iphonesimulator*]" = YES;
				"INFOPLIST_KEY_UIStatusBarStyle[sdk=iphoneos*]" = UIStatusBarStyleDefault;
				"INFOPLIST_KEY_UIStatusBarStyle[sdk=iphonesimulator*]" = UIStatusBarStyleDefault;
				INFOPLIST_KEY_UISupportedInterfaceOrientations_iPad = "UIInterfaceOrientationPortrait UIInterfaceOrientationPortraitUpsideDown UIInterfaceOrientationLandscapeLeft UIInterfaceOrientationLandscapeRight";
				INFOPLIST_KEY_UISupportedInterfaceOrientations_iPhone = "UIInterfaceOrientationPortrait UIInterfaceOrientationLandscapeLeft UIInterfaceOrientationLandscapeRight";
				IPHONEOS_DEPLOYMENT_TARGET = 17.5;
				LD_RUNPATH_SEARCH_PATHS = "@executable_path/Frameworks";
				"LD_RUNPATH_SEARCH_PATHS[sdk=macosx*]" = "@executable_path/../Frameworks";
				MACOSX_DEPLOYMENT_TARGET = 14.5;
				MARKETING_VERSION = 1.0;
				PRODUCT_BUNDLE_IDENTIFIER = Kuznetsov.Denis.SimpleMetalRenderer;
				PRODUCT_NAME = "$(TARGET_NAME)";
				SDKROOT = auto;
				SUPPORTED_PLATFORMS = "iphoneos iphonesimulator macosx";
				SWIFT_EMIT_LOC_STRINGS = YES;
				SWIFT_OBJC_BRIDGING_HEADER = SimpleMetalRenderer/MetalRenderer/Shaders/Common.h;
				SWIFT_VERSION = 5.0;
				TARGETED_DEVICE_FAMILY = "1,2";
			};
			name = Debug;
		};
		92BA4E222C2DDB8E00BA0C83 /* Release */ = {
			isa = XCBuildConfiguration;
			buildSettings = {
				ASSETCATALOG_COMPILER_APPICON_NAME = AppIcon;
				ASSETCATALOG_COMPILER_GLOBAL_ACCENT_COLOR_NAME = AccentColor;
				CODE_SIGN_ENTITLEMENTS = SimpleMetalRenderer/SimpleMetalRenderer.entitlements;
				CODE_SIGN_STYLE = Automatic;
				CURRENT_PROJECT_VERSION = 1;
				DEVELOPMENT_ASSET_PATHS = "\"SimpleMetalRenderer/Preview Content\"";
				DEVELOPMENT_TEAM = U4D63MX5F8;
				ENABLE_HARDENED_RUNTIME = YES;
				ENABLE_PREVIEWS = YES;
				GENERATE_INFOPLIST_FILE = YES;
				"INFOPLIST_KEY_UIApplicationSceneManifest_Generation[sdk=iphoneos*]" = YES;
				"INFOPLIST_KEY_UIApplicationSceneManifest_Generation[sdk=iphonesimulator*]" = YES;
				"INFOPLIST_KEY_UIApplicationSupportsIndirectInputEvents[sdk=iphoneos*]" = YES;
				"INFOPLIST_KEY_UIApplicationSupportsIndirectInputEvents[sdk=iphonesimulator*]" = YES;
				"INFOPLIST_KEY_UILaunchScreen_Generation[sdk=iphoneos*]" = YES;
				"INFOPLIST_KEY_UILaunchScreen_Generation[sdk=iphonesimulator*]" = YES;
				"INFOPLIST_KEY_UIStatusBarStyle[sdk=iphoneos*]" = UIStatusBarStyleDefault;
				"INFOPLIST_KEY_UIStatusBarStyle[sdk=iphonesimulator*]" = UIStatusBarStyleDefault;
				INFOPLIST_KEY_UISupportedInterfaceOrientations_iPad = "UIInterfaceOrientationPortrait UIInterfaceOrientationPortraitUpsideDown UIInterfaceOrientationLandscapeLeft UIInterfaceOrientationLandscapeRight";
				INFOPLIST_KEY_UISupportedInterfaceOrientations_iPhone = "UIInterfaceOrientationPortrait UIInterfaceOrientationLandscapeLeft UIInterfaceOrientationLandscapeRight";
				IPHONEOS_DEPLOYMENT_TARGET = 17.5;
				LD_RUNPATH_SEARCH_PATHS = "@executable_path/Frameworks";
				"LD_RUNPATH_SEARCH_PATHS[sdk=macosx*]" = "@executable_path/../Frameworks";
				MACOSX_DEPLOYMENT_TARGET = 14.5;
				MARKETING_VERSION = 1.0;
				PRODUCT_BUNDLE_IDENTIFIER = Kuznetsov.Denis.SimpleMetalRenderer;
				PRODUCT_NAME = "$(TARGET_NAME)";
				SDKROOT = auto;
				SUPPORTED_PLATFORMS = "iphoneos iphonesimulator macosx";
				SWIFT_EMIT_LOC_STRINGS = YES;
				SWIFT_OBJC_BRIDGING_HEADER = SimpleMetalRenderer/MetalRenderer/Shaders/Common.h;
				SWIFT_VERSION = 5.0;
				TARGETED_DEVICE_FAMILY = "1,2";
			};
			name = Release;
		};
/* End XCBuildConfiguration section */

/* Begin XCConfigurationList section */
		92BA4E0C2C2DDB8D00BA0C83 /* Build configuration list for PBXProject "SimpleMetalRenderer" */ = {
			isa = XCConfigurationList;
			buildConfigurations = (
				92BA4E1E2C2DDB8E00BA0C83 /* Debug */,
				92BA4E1F2C2DDB8E00BA0C83 /* Release */,
			);
			defaultConfigurationIsVisible = 0;
			defaultConfigurationName = Release;
		};
		92BA4E202C2DDB8E00BA0C83 /* Build configuration list for PBXNativeTarget "SimpleMetalRenderer" */ = {
			isa = XCConfigurationList;
			buildConfigurations = (
				92BA4E212C2DDB8E00BA0C83 /* Debug */,
				92BA4E222C2DDB8E00BA0C83 /* Release */,
			);
			defaultConfigurationIsVisible = 0;
			defaultConfigurationName = Release;
		};
/* End XCConfigurationList section */
	};
	rootObject = 92BA4E092C2DDB8D00BA0C83 /* Project object */;
}
